
Microsoft Visual Studio Solution File, Format Version 12.00
# Visual Studio Version 16
VisualStudioVersion = 16.0.34301.259
MinimumVisualStudioVersion = 10.0.40219.1
Project("{FAE04EC0-301F-11D3-BF4B-00C04F79EFBC}") = "Dosermana.Domain", "Dosermana.Domain\Dosermana.Domain.csproj", "{F1D01FAB-4FF4-40D9-AADB-A6C65941EC81}"
EndProject
Project("{FAE04EC0-301F-11D3-BF4B-00C04F79EFBC}") = "Dosermana.WebUI", "Dosermana.WebUI\Dosermana.WebUI.csproj", "{CEDD52FD-1D6D-4D7E-91E5-9CF2A7FF7600}"
EndProject
Global
	GlobalSection(SolutionConfigurationPlatforms) = preSolution
		Debug|Any CPU = Debug|Any CPU
		Release|Any CPU = Release|Any CPU
	EndGlobalSection
	GlobalSection(ProjectConfigurationPlatforms) = postSolution
		{F1D01FAB-4FF4-40D9-AADB-A6C65941EC81}.Debug|Any CPU.ActiveCfg = Debug|Any CPU
		{F1D01FAB-4FF4-40D9-AADB-A6C65941EC81}.Debug|Any CPU.Build.0 = Debug|Any CPU
		{F1D01FAB-4FF4-40D9-AADB-A6C65941EC81}.Release|Any CPU.ActiveCfg = Release|Any CPU
		{F1D01FAB-4FF4-40D9-AADB-A6C65941EC81}.Release|Any CPU.Build.0 = Release|Any CPU
		{CEDD52FD-1D6D-4D7E-91E5-9CF2A7FF7600}.Debug|Any CPU.ActiveCfg = Debug|Any CPU
		{CEDD52FD-1D6D-4D7E-91E5-9CF2A7FF7600}.Debug|Any CPU.Build.0 = Debug|Any CPU
		{CEDD52FD-1D6D-4D7E-91E5-9CF2A7FF7600}.Release|Any CPU.ActiveCfg = Release|Any CPU
		{CEDD52FD-1D6D-4D7E-91E5-9CF2A7FF7600}.Release|Any CPU.Build.0 = Release|Any CPU
	EndGlobalSection
	GlobalSection(SolutionProperties) = preSolution
		HideSolutionNode = FALSE
	EndGlobalSection
	GlobalSection(ExtensibilityGlobals) = postSolution
		SolutionGuid = {7BBB56C1-A799-422A-B34F-EF60AF2DFBE3}
	EndGlobalSection
EndGlobal
